
Microsoft Visual Studio Solution File, Format Version 12.00
# Visual Studio Version 16
VisualStudioVersion = 16.0.31005.135
MinimumVisualStudioVersion = 10.0.40219.1
Project("{8BC9CEB8-8B4A-11D0-8D11-00A0C91BC942}") = "GetICMFromMonitor", "GetICMFromMonitor\GetICMFromMonitor.vcxproj", "{92B1C8AE-54CA-4D60-B3AF-FA83EFA672A4}"
EndProject
Global
	GlobalSection(SolutionConfigurationPlatforms) = preSolution
		Debug|x64 = Debug|x64
		Debug|x86 = Debug|x86
		Release|x64 = Release|x64
		Release|x86 = Release|x86
	EndGlobalSection
	GlobalSection(ProjectConfigurationPlatforms) = postSolution
		{92B1C8AE-54CA-4D60-B3AF-FA83EFA672A4}.Debug|x64.ActiveCfg = Debug|x64
		{92B1C8AE-54CA-4D60-B3AF-FA83EFA672A4}.Debug|x64.Build.0 = Debug|x64
		{92B1C8AE-54CA-4D60-B3AF-FA83EFA672A4}.Debug|x86.ActiveCfg = Debug|Win32
		{92B1C8AE-54CA-4D60-B3AF-FA83EFA672A4}.Debug|x86.Build.0 = Debug|Win32
		{92B1C8AE-54CA-4D60-B3AF-FA83EFA672A4}.Release|x64.ActiveCfg = Release|x64
		{92B1C8AE-54CA-4D60-B3AF-FA83EFA672A4}.Release|x64.Build.0 = Release|x64
		{92B1C8AE-54CA-4D60-B3AF-FA83EFA672A4}.Release|x86.ActiveCfg = Release|Win32
		{92B1C8AE-54CA-4D60-B3AF-FA83EFA672A4}.Release|x86.Build.0 = Release|Win32
	EndGlobalSection
	GlobalSection(SolutionProperties) = preSolution
		HideSolutionNode = FALSE
	EndGlobalSection
	GlobalSection(ExtensibilityGlobals) = postSolution
		SolutionGuid = {62C2B43D-1194-4235-9F05-DD953674F371}
	EndGlobalSection
EndGlobal
